
Microsoft Visual Studio Solution File, Format Version 12.00
# Visual Studio 15
VisualStudioVersion = 15.0.27130.2003
MinimumVisualStudioVersion = 10.0.40219.1
Project("{FAE04EC0-301F-11D3-BF4B-00C04F79EFBC}") = "EpiserverSiteAlloyMVCTest", "EpiserverSiteAlloyMVCTest\EpiserverSiteAlloyMVCTest.csproj", "{1563749A-A4FE-4AEB-87E6-86719C08B013}"
EndProject
Global
	GlobalSection(SolutionConfigurationPlatforms) = preSolution
		Debug|Any CPU = Debug|Any CPU
		Release|Any CPU = Release|Any CPU
	EndGlobalSection
	GlobalSection(ProjectConfigurationPlatforms) = postSolution
		{1563749A-A4FE-4AEB-87E6-86719C08B013}.Debug|Any CPU.ActiveCfg = Debug|Any CPU
		{1563749A-A4FE-4AEB-87E6-86719C08B013}.Debug|Any CPU.Build.0 = Debug|Any CPU
		{1563749A-A4FE-4AEB-87E6-86719C08B013}.Release|Any CPU.ActiveCfg = Release|Any CPU
		{1563749A-A4FE-4AEB-87E6-86719C08B013}.Release|Any CPU.Build.0 = Release|Any CPU
	EndGlobalSection
	GlobalSection(SolutionProperties) = preSolution
		HideSolutionNode = FALSE
	EndGlobalSection
	GlobalSection(ExtensibilityGlobals) = postSolution
		SolutionGuid = {701FD84C-40F8-4EA0-ABC4-C6CA08D7F95E}
	EndGlobalSection
EndGlobal
